
Microsoft Visual Studio Solution File, Format Version 12.00
# Visual Studio Version 17
VisualStudioVersion = 17.12.35527.113 d17.12
MinimumVisualStudioVersion = 10.0.40219.1
Project("{FAE04EC0-301F-11D3-BF4B-00C04F79EFBC}") = "ChatBotApp", "ChatBotApp\ChatBotApp.csproj", "{289B6B27-B78E-4615-B130-59AC17B870CE}"
EndProject
Global
	GlobalSection(SolutionConfigurationPlatforms) = preSolution
		Debug|Any CPU = Debug|Any CPU
		Release|Any CPU = Release|Any CPU
	EndGlobalSection
	GlobalSection(ProjectConfigurationPlatforms) = postSolution
		{289B6B27-B78E-4615-B130-59AC17B870CE}.Debug|Any CPU.ActiveCfg = Debug|Any CPU
		{289B6B27-B78E-4615-B130-59AC17B870CE}.Debug|Any CPU.Build.0 = Debug|Any CPU
		{289B6B27-B78E-4615-B130-59AC17B870CE}.Release|Any CPU.ActiveCfg = Release|Any CPU
		{289B6B27-B78E-4615-B130-59AC17B870CE}.Release|Any CPU.Build.0 = Release|Any CPU
	EndGlobalSection
	GlobalSection(SolutionProperties) = preSolution
		HideSolutionNode = FALSE
	EndGlobalSection
EndGlobal
